
Microsoft Visual Studio Solution File, Format Version 12.00
# Visual Studio Version 17
VisualStudioVersion = 17.13.35913.81
MinimumVisualStudioVersion = 10.0.40219.1
Project("{9A19103F-16F7-4668-BE54-9A1E7A4F7556}") = "FIAPCloudGames.Test", "FIAPCloudGames.Test\FIAPCloudGames.Test.csproj", "{D511DA7C-9339-456D-B33B-7DA4CBDE8540}"
EndProject
Project("{9A19103F-16F7-4668-BE54-9A1E7A4F7556}") = "FIAPCloudGames.Application", "FIAPCloudGames.Application\FIAPCloudGames.Application.csproj", "{E58B5F8A-FAB8-47C2-9C7B-57D2C5C22C76}"
EndProject
Project("{9A19103F-16F7-4668-BE54-9A1E7A4F7556}") = "FIAPCloudGames.Domain", "FIAPCloudGames.Domain\FIAPCloudGames.Domain.csproj", "{3DE7B780-9E6B-8BD9-E351-40E3D43EE6D8}"
EndProject
Project("{9A19103F-16F7-4668-BE54-9A1E7A4F7556}") = "FIAPCloudGames.WebApi", "FIAPCloudGames.WebApi\FIAPCloudGames.WebApi.csproj", "{BBDAEE28-1EFA-07C4-5162-CA7B28C57425}"
EndProject
Project("{9A19103F-16F7-4668-BE54-9A1E7A4F7556}") = "FIAPCloudGames.Infrastructure", "FIAPCloudGames.Infrastructure\FIAPCloudGames.Infrastructure.csproj", "{27F85A76-455A-6A90-1FBB-128BEC17827C}"
EndProject
Global
	GlobalSection(SolutionConfigurationPlatforms) = preSolution
		Debug|Any CPU = Debug|Any CPU
		Release|Any CPU = Release|Any CPU
	EndGlobalSection
	GlobalSection(ProjectConfigurationPlatforms) = postSolution
		{D511DA7C-9339-456D-B33B-7DA4CBDE8540}.Debug|Any CPU.ActiveCfg = Debug|Any CPU
		{D511DA7C-9339-456D-B33B-7DA4CBDE8540}.Debug|Any CPU.Build.0 = Debug|Any CPU
		{D511DA7C-9339-456D-B33B-7DA4CBDE8540}.Release|Any CPU.ActiveCfg = Release|Any CPU
		{D511DA7C-9339-456D-B33B-7DA4CBDE8540}.Release|Any CPU.Build.0 = Release|Any CPU
		{E58B5F8A-FAB8-47C2-9C7B-57D2C5C22C76}.Debug|Any CPU.ActiveCfg = Debug|Any CPU
		{E58B5F8A-FAB8-47C2-9C7B-57D2C5C22C76}.Debug|Any CPU.Build.0 = Debug|Any CPU
		{E58B5F8A-FAB8-47C2-9C7B-57D2C5C22C76}.Release|Any CPU.ActiveCfg = Release|Any CPU
		{E58B5F8A-FAB8-47C2-9C7B-57D2C5C22C76}.Release|Any CPU.Build.0 = Release|Any CPU
		{3DE7B780-9E6B-8BD9-E351-40E3D43EE6D8}.Debug|Any CPU.ActiveCfg = Debug|Any CPU
		{3DE7B780-9E6B-8BD9-E351-40E3D43EE6D8}.Debug|Any CPU.Build.0 = Debug|Any CPU
		{3DE7B780-9E6B-8BD9-E351-40E3D43EE6D8}.Release|Any CPU.ActiveCfg = Release|Any CPU
		{3DE7B780-9E6B-8BD9-E351-40E3D43EE6D8}.Release|Any CPU.Build.0 = Release|Any CPU
		{BBDAEE28-1EFA-07C4-5162-CA7B28C57425}.Debug|Any CPU.ActiveCfg = Debug|Any CPU
		{BBDAEE28-1EFA-07C4-5162-CA7B28C57425}.Debug|Any CPU.Build.0 = Debug|Any CPU
		{BBDAEE28-1EFA-07C4-5162-CA7B28C57425}.Release|Any CPU.ActiveCfg = Release|Any CPU
		{BBDAEE28-1EFA-07C4-5162-CA7B28C57425}.Release|Any CPU.Build.0 = Release|Any CPU
		{27F85A76-455A-6A90-1FBB-128BEC17827C}.Debug|Any CPU.ActiveCfg = Debug|Any CPU
		{27F85A76-455A-6A90-1FBB-128BEC17827C}.Debug|Any CPU.Build.0 = Debug|Any CPU
		{27F85A76-455A-6A90-1FBB-128BEC17827C}.Release|Any CPU.ActiveCfg = Release|Any CPU
		{27F85A76-455A-6A90-1FBB-128BEC17827C}.Release|Any CPU.Build.0 = Release|Any CPU
	EndGlobalSection
	GlobalSection(SolutionProperties) = preSolution
		HideSolutionNode = FALSE
	EndGlobalSection
	GlobalSection(ExtensibilityGlobals) = postSolution
		SolutionGuid = {E0C8E5E0-9442-4671-B196-4358BFBBF725}
	EndGlobalSection
EndGlobal
